{
    "name": "node",
    "lockfileVersion": 3,
    "requires": true,
    "packages": {
        "": {
            "dependencies": {
                "@sogelink-research/pgrest-client": "^1.2.7"
            }
        },
        "node_modules/@sogelink-research/pgrest-client": {
            "version": "1.2.7",
            "resolved": "https://registry.npmjs.org/@sogelink-research/pgrest-client/-/pgrest-client-1.2.7.tgz",
            "integrity": "sha512-YwHy0L603h+Fa6cDsRqTWr67kPPGgVExwLRGkr31kvb2NnbTctplVctTGZ0g51CkBGOtuOkEGd7qXPlfDcVXmg=="
        }
    }
}
